
Microsoft Visual Studio Solution File, Format Version 12.00
# Visual Studio Version 16
VisualStudioVersion = 16.0.30104.148
MinimumVisualStudioVersion = 10.0.40219.1
Project("{9A19103F-16F7-4668-BE54-9A1E7A4F7556}") = "HotelRooms.Api", "HotelRooms.Api\HotelRooms.Api.csproj", "{4259AB68-BCF1-45FB-A553-283EA1BDC8E7}"
	ProjectSection(ProjectDependencies) = postProject
		{4CD65119-38E0-4956-A7C2-0EB96D872EB2} = {4CD65119-38E0-4956-A7C2-0EB96D872EB2}
	EndProjectSection
EndProject
Project("{9A19103F-16F7-4668-BE54-9A1E7A4F7556}") = "HotelRooms.Core", "HotelRooms.Core\HotelRooms.Core.csproj", "{64458371-620C-4B43-B046-84A05E3226F0}"
EndProject
Project("{FAE04EC0-301F-11D3-BF4B-00C04F79EFBC}") = "HotelRooms.Data", "HotelRooms.Data\HotelRooms.Data.csproj", "{4CD65119-38E0-4956-A7C2-0EB96D872EB2}"
EndProject
Global
	GlobalSection(SolutionConfigurationPlatforms) = preSolution
		Debug|Any CPU = Debug|Any CPU
		Release|Any CPU = Release|Any CPU
	EndGlobalSection
	GlobalSection(ProjectConfigurationPlatforms) = postSolution
		{4259AB68-BCF1-45FB-A553-283EA1BDC8E7}.Debug|Any CPU.ActiveCfg = Debug|Any CPU
		{4259AB68-BCF1-45FB-A553-283EA1BDC8E7}.Debug|Any CPU.Build.0 = Debug|Any CPU
		{4259AB68-BCF1-45FB-A553-283EA1BDC8E7}.Release|Any CPU.ActiveCfg = Release|Any CPU
		{4259AB68-BCF1-45FB-A553-283EA1BDC8E7}.Release|Any CPU.Build.0 = Release|Any CPU
		{64458371-620C-4B43-B046-84A05E3226F0}.Debug|Any CPU.ActiveCfg = Debug|Any CPU
		{64458371-620C-4B43-B046-84A05E3226F0}.Debug|Any CPU.Build.0 = Debug|Any CPU
		{64458371-620C-4B43-B046-84A05E3226F0}.Release|Any CPU.ActiveCfg = Release|Any CPU
		{64458371-620C-4B43-B046-84A05E3226F0}.Release|Any CPU.Build.0 = Release|Any CPU
		{4CD65119-38E0-4956-A7C2-0EB96D872EB2}.Debug|Any CPU.ActiveCfg = Debug|Any CPU
		{4CD65119-38E0-4956-A7C2-0EB96D872EB2}.Debug|Any CPU.Build.0 = Debug|Any CPU
		{4CD65119-38E0-4956-A7C2-0EB96D872EB2}.Release|Any CPU.ActiveCfg = Release|Any CPU
		{4CD65119-38E0-4956-A7C2-0EB96D872EB2}.Release|Any CPU.Build.0 = Release|Any CPU
	EndGlobalSection
	GlobalSection(SolutionProperties) = preSolution
		HideSolutionNode = FALSE
	EndGlobalSection
	GlobalSection(ExtensibilityGlobals) = postSolution
		SolutionGuid = {246D5CEB-1896-4654-8EAA-0A347D12FA1D}
	EndGlobalSection
EndGlobal
